<?xml version="1.0" encoding="utf-8"?>
<Project ToolsVersion="4.0" xmlns="http://schemas.microsoft.com/developer/msbuild/2003">
  <ItemGroup>
    <Filter Include="소스 파일">
      <UniqueIdentifier>{4FC737F1-C7A5-4376-A066-2A32D752A2FF}</UniqueIdentifier>
      <Extensions>cpp;c;cc;cxx;c++;cppm;ixx;def;odl;idl;hpj;bat;asm;asmx</Extensions>
    </Filter>
    <Filter Include="리소스 파일">
      <UniqueIdentifier>{67DA6AB6-F800-4c08-8B7A-83BB121AAD01}</UniqueIdentifier>
      <Extensions>rc;ico;cur;bmp;dlg;rc2;rct;bin;rgs;gif;jpg;jpeg;jpe;resx;tiff;tif;png;wav;mfcribbon-ms</Extensions>
    </Filter>
    <Filter Include="소스 파일\Game">
      <UniqueIdentifier>{f56f9d2e-d3c3-4889-857f-7fa4a8126814}</UniqueIdentifier>
    </Filter>
    <Filter Include="소스 파일\Headers">
      <UniqueIdentifier>{c1529fc0-3575-4e1e-b80f-d789cc634b48}</UniqueIdentifier>
    </Filter>
    <Filter Include="소스 파일\Execute">
      <UniqueIdentifier>{8d1ca29e-c87c-4641-82c6-4a97afe364d6}</UniqueIdentifier>
    </Filter>
    <Filter Include="소스 파일\Script">
      <UniqueIdentifier>{2e6ededd-dc7b-4b79-9aac-d4adf3f46bfa}</UniqueIdentifier>
    </Filter>
    <Filter Include="소스 파일\Script\Assimp">
      <UniqueIdentifier>{5cdd024a-0b3f-48af-9d0d-85610f5c5651}</UniqueIdentifier>
    </Filter>
    <Filter Include="소스 파일\Execute\ModelLoader">
      <UniqueIdentifier>{5a8323df-cd45-452a-bfa3-d489c01f8509}</UniqueIdentifier>
    </Filter>
    <Filter Include="소스 파일\Entry">
      <UniqueIdentifier>{47a186df-aa35-406e-92d9-b037fd0c5a49}</UniqueIdentifier>
    </Filter>
    <Filter Include="소스 파일\Script\GameObj">
      <UniqueIdentifier>{5a039fd5-be82-44fa-a692-e896a3e605c5}</UniqueIdentifier>
    </Filter>
    <Filter Include="소스 파일\Script\Scene">
      <UniqueIdentifier>{c88f1946-9c9b-470d-b8cb-e31206e93a29}</UniqueIdentifier>
    </Filter>
  </ItemGroup>
  <ItemGroup>
    <ClCompile Include="pch.cpp">
      <Filter>소스 파일\Headers</Filter>
    </ClCompile>
    <ClCompile Include="Test.cpp">
      <Filter>소스 파일\Execute</Filter>
    </ClCompile>
    <ClCompile Include="Converter.cpp">
      <Filter>소스 파일\Script\Assimp</Filter>
    </ClCompile>
    <ClCompile Include="ModelLoader.cpp">
      <Filter>소스 파일\Execute\ModelLoader</Filter>
    </ClCompile>
    <ClCompile Include="AsType.cpp">
      <Filter>소스 파일\Execute\ModelLoader</Filter>
    </ClCompile>
    <ClCompile Include="NewStructureTest.cpp">
      <Filter>소스 파일\Execute</Filter>
    </ClCompile>
    <ClCompile Include="main.cpp">
      <Filter>소스 파일\Entry</Filter>
    </ClCompile>
    <ClCompile Include="SceneTest.cpp">
      <Filter>소스 파일\Execute</Filter>
    </ClCompile>
    <ClCompile Include="LightScript.cpp">
      <Filter>소스 파일\Script\GameObj</Filter>
    </ClCompile>
    <ClCompile Include="ModelScript.cpp">
      <Filter>소스 파일\Script\GameObj</Filter>
    </ClCompile>
    <ClCompile Include="MouseScript.cpp">
      <Filter>소스 파일\Script\GameObj</Filter>
    </ClCompile>
    <ClCompile Include="SceneMaker.cpp">
      <Filter>소스 파일\Script\Scene</Filter>
    </ClCompile>
    <ClCompile Include="SceneModelController.cpp">
      <Filter>소스 파일\Script\Scene</Filter>
    </ClCompile>
    <ClCompile Include="CollisionTest.cpp">
      <Filter>소스 파일</Filter>
    </ClCompile>
  </ItemGroup>
  <ItemGroup>
    <ClInclude Include="pch.h">
      <Filter>소스 파일\Headers</Filter>
    </ClInclude>
    <ClInclude Include="Test.h">
      <Filter>소스 파일\Execute</Filter>
    </ClInclude>
    <ClInclude Include="Converter.h">
      <Filter>소스 파일\Script\Assimp</Filter>
    </ClInclude>
    <ClInclude Include="ModelLoader.h">
      <Filter>소스 파일\Execute\ModelLoader</Filter>
    </ClInclude>
    <ClInclude Include="AsType.h">
      <Filter>소스 파일\Execute\ModelLoader</Filter>
    </ClInclude>
    <ClInclude Include="NewStructureTest.h">
      <Filter>소스 파일\Execute</Filter>
    </ClInclude>
    <ClInclude Include="SceneTest.h">
      <Filter>소스 파일\Execute</Filter>
    </ClInclude>
    <ClInclude Include="LightScript.h">
      <Filter>소스 파일\Script\GameObj</Filter>
    </ClInclude>
    <ClInclude Include="ModelScript.h">
      <Filter>소스 파일\Script\GameObj</Filter>
    </ClInclude>
    <ClInclude Include="MouseScript.h">
      <Filter>소스 파일\Script\GameObj</Filter>
    </ClInclude>
    <ClInclude Include="SceneMaker.h">
      <Filter>소스 파일\Script\Scene</Filter>
    </ClInclude>
    <ClInclude Include="SceneModelController.h">
      <Filter>소스 파일\Script\Scene</Filter>
    </ClInclude>
    <ClInclude Include="CollisionTest.h" />
  </ItemGroup>
</Project>