<?xml version="1.0" encoding="utf-8"?>
<Project ToolsVersion="4.0" xmlns="http://schemas.microsoft.com/developer/msbuild/2003">
  <ItemGroup>
    <Filter Include="소스 파일">
      <UniqueIdentifier>{4FC737F1-C7A5-4376-A066-2A32D752A2FF}</UniqueIdentifier>
      <Extensions>cpp;c;cc;cxx;c++;cppm;ixx;def;odl;idl;hpj;bat;asm;asmx</Extensions>
    </Filter>
    <Filter Include="리소스 파일">
      <UniqueIdentifier>{67DA6AB6-F800-4c08-8B7A-83BB121AAD01}</UniqueIdentifier>
      <Extensions>rc;ico;cur;bmp;dlg;rc2;rct;bin;rgs;gif;jpg;jpeg;jpe;resx;tiff;tif;png;wav;mfcribbon-ms</Extensions>
    </Filter>
    <Filter Include="소스 파일\01. Graphics">
      <UniqueIdentifier>{faa1d5f6-3ae5-416b-893a-0cad74733bc4}</UniqueIdentifier>
    </Filter>
    <Filter Include="소스 파일\01. Graphics\Buffers">
      <UniqueIdentifier>{4f4300d5-fb03-49cf-bc53-0c47b35af5ca}</UniqueIdentifier>
    </Filter>
    <Filter Include="소스 파일\02. Game">
      <UniqueIdentifier>{a3ce1d7f-29f8-42e8-8714-eab14f5ce281}</UniqueIdentifier>
    </Filter>
    <Filter Include="소스 파일\03. GameObject">
      <UniqueIdentifier>{27bd30a3-f8d0-4569-9950-1129c8e45ea4}</UniqueIdentifier>
    </Filter>
    <Filter Include="소스 파일\04. Component">
      <UniqueIdentifier>{c87ecd2a-6c57-47e8-b2f0-0e4ec058f142}</UniqueIdentifier>
    </Filter>
    <Filter Include="소스 파일\05. Managers">
      <UniqueIdentifier>{d134fb8a-b162-4dd2-ad97-87e08d38549d}</UniqueIdentifier>
    </Filter>
    <Filter Include="소스 파일\06. Resources">
      <UniqueIdentifier>{54705ed0-6180-41ca-9945-c2f8b5d26567}</UniqueIdentifier>
    </Filter>
    <Filter Include="소스 파일\07. Scene">
      <UniqueIdentifier>{86e830f3-6771-4218-9fec-97c555dfec12}</UniqueIdentifier>
    </Filter>
    <Filter Include="소스 파일\99. Headers">
      <UniqueIdentifier>{fe4e327b-8538-4869-b74a-777ffea51203}</UniqueIdentifier>
    </Filter>
    <Filter Include="소스 파일\99. Utils">
      <UniqueIdentifier>{462a06c0-bc1a-4fdf-9be8-c71c9f5ea580}</UniqueIdentifier>
    </Filter>
    <Filter Include="소스 파일\99. Utils\ImGUI">
      <UniqueIdentifier>{17605c32-ab2d-4aea-892a-00d8acbb8249}</UniqueIdentifier>
    </Filter>
    <Filter Include="소스 파일\01. Graphics\Pipelines">
      <UniqueIdentifier>{e424d43d-72e6-45bf-ab18-6c134a75314f}</UniqueIdentifier>
    </Filter>
    <Filter Include="소스 파일\01. Graphics\Pipelines\01. IA">
      <UniqueIdentifier>{c9a1d484-0128-4e10-b1c0-b878143afa43}</UniqueIdentifier>
    </Filter>
    <Filter Include="소스 파일\01. Graphics\Pipelines\02. VS">
      <UniqueIdentifier>{2d5cb9c2-4bf5-4476-94c7-4c05ad5177d1}</UniqueIdentifier>
    </Filter>
    <Filter Include="소스 파일\01. Graphics\Pipelines\03. RS">
      <UniqueIdentifier>{a3b46fbd-1aa8-494c-b562-465beb5958af}</UniqueIdentifier>
    </Filter>
    <Filter Include="소스 파일\01. Graphics\Pipelines\05. OM">
      <UniqueIdentifier>{b6c7e022-ded8-413b-b99a-9a42872092fc}</UniqueIdentifier>
    </Filter>
    <Filter Include="소스 파일\01. Graphics\Pipelines\04. PS">
      <UniqueIdentifier>{7ca5e112-3da1-42cf-9d5a-48422d839fa7}</UniqueIdentifier>
    </Filter>
    <Filter Include="소스 파일\01. Graphics\Shader">
      <UniqueIdentifier>{96c8ba02-a659-433e-81a3-2de7d1dd34f9}</UniqueIdentifier>
    </Filter>
    <Filter Include="소스 파일\01. Graphics\Pipelines\00. Geometry">
      <UniqueIdentifier>{8cf5d42a-9520-448d-8a61-3655376493f0}</UniqueIdentifier>
    </Filter>
    <Filter Include="소스 파일\00. Execute">
      <UniqueIdentifier>{d36feed5-f320-4bf0-acde-23c739439bbd}</UniqueIdentifier>
    </Filter>
    <Filter Include="소스 파일\04. Component\Script">
      <UniqueIdentifier>{3f637bf6-4c6d-481e-91ca-9a10307c33d6}</UniqueIdentifier>
    </Filter>
    <Filter Include="소스 파일\06. Resources\Model">
      <UniqueIdentifier>{0c0ca88b-5892-4d52-817a-6eb7356de94e}</UniqueIdentifier>
    </Filter>
    <Filter Include="소스 파일\04. Component\Collider">
      <UniqueIdentifier>{01accdc9-3ebb-4d4b-8109-72523528ecf1}</UniqueIdentifier>
    </Filter>
    <Filter Include="소스 파일\04. Component\Light">
      <UniqueIdentifier>{620b1ab7-44af-4789-877b-577d6301e25a}</UniqueIdentifier>
    </Filter>
    <Filter Include="소스 파일\06. Resources\Shader">
      <UniqueIdentifier>{5064b84d-95a0-4206-a142-ecc2e5c730d5}</UniqueIdentifier>
    </Filter>
  </ItemGroup>
  <ItemGroup>
    <ClCompile Include="EnginePch.cpp">
      <Filter>소스 파일\99. Headers</Filter>
    </ClCompile>
    <ClCompile Include="Game.cpp">
      <Filter>소스 파일\02. Game</Filter>
    </ClCompile>
    <ClCompile Include="Scene.cpp">
      <Filter>소스 파일\07. Scene</Filter>
    </ClCompile>
    <ClCompile Include="Manager.cpp">
      <Filter>소스 파일\05. Managers</Filter>
    </ClCompile>
    <ClCompile Include="InputManager.cpp">
      <Filter>소스 파일\05. Managers</Filter>
    </ClCompile>
    <ClCompile Include="SceneManager.cpp">
      <Filter>소스 파일\05. Managers</Filter>
    </ClCompile>
    <ClCompile Include="TimeManager.cpp">
      <Filter>소스 파일\05. Managers</Filter>
    </ClCompile>
    <ClCompile Include="Utils.cpp">
      <Filter>소스 파일\99. Utils</Filter>
    </ClCompile>
    <ClCompile Include="Camera.cpp">
      <Filter>소스 파일\04. Component</Filter>
    </ClCompile>
    <ClCompile Include="Component.cpp">
      <Filter>소스 파일\04. Component</Filter>
    </ClCompile>
    <ClCompile Include="Transform.cpp">
      <Filter>소스 파일\04. Component</Filter>
    </ClCompile>
    <ClCompile Include="RenderManager.cpp">
      <Filter>소스 파일\05. Managers</Filter>
    </ClCompile>
    <ClCompile Include="Mesh.cpp">
      <Filter>소스 파일\06. Resources</Filter>
    </ClCompile>
    <ClCompile Include="MeshRenderer.cpp">
      <Filter>소스 파일\04. Component</Filter>
    </ClCompile>
    <ClCompile Include="GuiManager.cpp">
      <Filter>소스 파일\05. Managers</Filter>
    </ClCompile>
    <ClCompile Include="Graphics.cpp">
      <Filter>소스 파일\01. Graphics</Filter>
    </ClCompile>
    <ClCompile Include="Viewport.cpp">
      <Filter>소스 파일\01. Graphics\Pipelines\03. RS</Filter>
    </ClCompile>
    <ClCompile Include="Pipeline.cpp">
      <Filter>소스 파일\01. Graphics\Pipelines</Filter>
    </ClCompile>
    <ClCompile Include="InputLayout.cpp">
      <Filter>소스 파일\01. Graphics\Pipelines\01. IA</Filter>
    </ClCompile>
    <ClCompile Include="RasterizerState.cpp">
      <Filter>소스 파일\01. Graphics\Pipelines\03. RS</Filter>
    </ClCompile>
    <ClCompile Include="SamplerState.cpp">
      <Filter>소스 파일\01. Graphics\Pipelines\04. PS</Filter>
    </ClCompile>
    <ClCompile Include="BlendState.cpp">
      <Filter>소스 파일\01. Graphics\Pipelines\05. OM</Filter>
    </ClCompile>
    <ClCompile Include="ShaderManager.cpp">
      <Filter>소스 파일\05. Managers</Filter>
    </ClCompile>
    <ClCompile Include="ConstantBuffer.cpp">
      <Filter>소스 파일\01. Graphics\Buffers</Filter>
    </ClCompile>
    <ClCompile Include="IndexBuffer.cpp">
      <Filter>소스 파일\01. Graphics\Buffers</Filter>
    </ClCompile>
    <ClCompile Include="VertexBuffer.cpp">
      <Filter>소스 파일\01. Graphics\Buffers</Filter>
    </ClCompile>
    <ClCompile Include="Texture.cpp">
      <Filter>소스 파일\06. Resources</Filter>
    </ClCompile>
    <ClCompile Include="InputData.cpp">
      <Filter>소스 파일\01. Graphics\Pipelines\01. IA</Filter>
    </ClCompile>
    <ClCompile Include="Geometry.cpp">
      <Filter>소스 파일\01. Graphics\Pipelines\00. Geometry</Filter>
    </ClCompile>
    <ClCompile Include="Resource_Base.cpp">
      <Filter>소스 파일\06. Resources</Filter>
    </ClCompile>
    <ClCompile Include="Constant_Types.cpp">
      <Filter>소스 파일\01. Graphics\Pipelines\01. IA</Filter>
    </ClCompile>
    <ClCompile Include="Component_Base.cpp">
      <Filter>소스 파일\04. Component</Filter>
    </ClCompile>
    <ClCompile Include="GameObject.cpp">
      <Filter>소스 파일\03. GameObject</Filter>
    </ClCompile>
    <ClCompile Include="SimpleMath.cpp">
      <Filter>소스 파일\99. Utils</Filter>
    </ClCompile>
    <ClCompile Include="Execute.cpp">
      <Filter>소스 파일\00. Execute</Filter>
    </ClCompile>
    <ClCompile Include="Script.cpp">
      <Filter>소스 파일\04. Component\Script</Filter>
    </ClCompile>
    <ClCompile Include="imgui_demo.cpp">
      <Filter>소스 파일\99. Utils\ImGUI</Filter>
    </ClCompile>
    <ClCompile Include="imgui_draw.cpp">
      <Filter>소스 파일\99. Utils\ImGUI</Filter>
    </ClCompile>
    <ClCompile Include="imgui_impl_dx11.cpp">
      <Filter>소스 파일\99. Utils\ImGUI</Filter>
    </ClCompile>
    <ClCompile Include="imgui_impl_win32.cpp">
      <Filter>소스 파일\99. Utils\ImGUI</Filter>
    </ClCompile>
    <ClCompile Include="imgui_tables.cpp">
      <Filter>소스 파일\99. Utils\ImGUI</Filter>
    </ClCompile>
    <ClCompile Include="imgui_widgets.cpp">
      <Filter>소스 파일\99. Utils\ImGUI</Filter>
    </ClCompile>
    <ClCompile Include="imgui.cpp">
      <Filter>소스 파일\99. Utils\ImGUI</Filter>
    </ClCompile>
    <ClCompile Include="ResourceManager.cpp">
      <Filter>소스 파일\05. Managers</Filter>
    </ClCompile>
    <ClCompile Include="Material.cpp">
      <Filter>소스 파일\06. Resources</Filter>
    </ClCompile>
    <ClCompile Include="Model.cpp">
      <Filter>소스 파일\06. Resources\Model</Filter>
    </ClCompile>
    <ClCompile Include="ModelTypes.cpp">
      <Filter>소스 파일\06. Resources\Model</Filter>
    </ClCompile>
    <ClCompile Include="Collider.cpp">
      <Filter>소스 파일\04. Component\Collider</Filter>
    </ClCompile>
    <ClCompile Include="SphereCollider.cpp">
      <Filter>소스 파일\04. Component\Collider</Filter>
    </ClCompile>
    <ClCompile Include="Collision.cpp">
      <Filter>소스 파일\04. Component\Collider</Filter>
    </ClCompile>
    <ClCompile Include="PlaneCollider.cpp">
      <Filter>소스 파일\04. Component\Collider</Filter>
    </ClCompile>
    <ClCompile Include="AABBCollider.cpp">
      <Filter>소스 파일\04. Component\Collider</Filter>
    </ClCompile>
    <ClCompile Include="imgui_stdlib.cpp">
      <Filter>소스 파일\99. Utils\ImGUI</Filter>
    </ClCompile>
    <ClCompile Include="Light_Base.cpp">
      <Filter>소스 파일\04. Component\Light</Filter>
    </ClCompile>
    <ClCompile Include="GlobalLight.cpp">
      <Filter>소스 파일\04. Component\Light</Filter>
    </ClCompile>
    <ClCompile Include="CollisionManager.cpp">
      <Filter>소스 파일\04. Component\Collider</Filter>
    </ClCompile>
    <ClCompile Include="Shader.cpp">
      <Filter>소스 파일\06. Resources\Shader</Filter>
    </ClCompile>
    <ClCompile Include="Shader_Base.cpp">
      <Filter>소스 파일\06. Resources\Shader</Filter>
    </ClCompile>
  </ItemGroup>
  <ItemGroup>
    <ClInclude Include="EnginePch.h">
      <Filter>소스 파일\99. Headers</Filter>
    </ClInclude>
    <ClInclude Include="Types.h">
      <Filter>소스 파일\99. Headers</Filter>
    </ClInclude>
    <ClInclude Include="Game.h">
      <Filter>소스 파일\02. Game</Filter>
    </ClInclude>
    <ClInclude Include="Scene.h">
      <Filter>소스 파일\07. Scene</Filter>
    </ClInclude>
    <ClInclude Include="Manager.h">
      <Filter>소스 파일\05. Managers</Filter>
    </ClInclude>
    <ClInclude Include="Define.h">
      <Filter>소스 파일\99. Headers</Filter>
    </ClInclude>
    <ClInclude Include="InputManager.h">
      <Filter>소스 파일\05. Managers</Filter>
    </ClInclude>
    <ClInclude Include="SceneManager.h">
      <Filter>소스 파일\05. Managers</Filter>
    </ClInclude>
    <ClInclude Include="TimeManager.h">
      <Filter>소스 파일\05. Managers</Filter>
    </ClInclude>
    <ClInclude Include="Camera.h">
      <Filter>소스 파일\04. Component</Filter>
    </ClInclude>
    <ClInclude Include="Component.h">
      <Filter>소스 파일\04. Component</Filter>
    </ClInclude>
    <ClInclude Include="Transform.h">
      <Filter>소스 파일\04. Component</Filter>
    </ClInclude>
    <ClInclude Include="Mesh.h">
      <Filter>소스 파일\06. Resources</Filter>
    </ClInclude>
    <ClInclude Include="MeshRenderer.h">
      <Filter>소스 파일\04. Component</Filter>
    </ClInclude>
    <ClInclude Include="GuiManager.h">
      <Filter>소스 파일\05. Managers</Filter>
    </ClInclude>
    <ClInclude Include="Graphics.h">
      <Filter>소스 파일\01. Graphics</Filter>
    </ClInclude>
    <ClInclude Include="Viewport.h">
      <Filter>소스 파일\01. Graphics\Pipelines\03. RS</Filter>
    </ClInclude>
    <ClInclude Include="Pipeline.h">
      <Filter>소스 파일\01. Graphics\Pipelines</Filter>
    </ClInclude>
    <ClInclude Include="InputLayout.h">
      <Filter>소스 파일\01. Graphics\Pipelines\01. IA</Filter>
    </ClInclude>
    <ClInclude Include="RasterizerState.h">
      <Filter>소스 파일\01. Graphics\Pipelines\03. RS</Filter>
    </ClInclude>
    <ClInclude Include="SamplerState.h">
      <Filter>소스 파일\01. Graphics\Pipelines\04. PS</Filter>
    </ClInclude>
    <ClInclude Include="BlendState.h">
      <Filter>소스 파일\01. Graphics\Pipelines\05. OM</Filter>
    </ClInclude>
    <ClInclude Include="ConstantBuffer.h">
      <Filter>소스 파일\01. Graphics\Buffers</Filter>
    </ClInclude>
    <ClInclude Include="ShaderManager.h">
      <Filter>소스 파일\05. Managers</Filter>
    </ClInclude>
    <ClInclude Include="IndexBuffer.h">
      <Filter>소스 파일\01. Graphics\Buffers</Filter>
    </ClInclude>
    <ClInclude Include="VertexBuffer.h">
      <Filter>소스 파일\01. Graphics\Buffers</Filter>
    </ClInclude>
    <ClInclude Include="Texture.h">
      <Filter>소스 파일\06. Resources</Filter>
    </ClInclude>
    <ClInclude Include="InputData.h">
      <Filter>소스 파일\01. Graphics\Pipelines\01. IA</Filter>
    </ClInclude>
    <ClInclude Include="Geometry.h">
      <Filter>소스 파일\01. Graphics\Pipelines\00. Geometry</Filter>
    </ClInclude>
    <ClInclude Include="Resource_Base.h">
      <Filter>소스 파일\06. Resources</Filter>
    </ClInclude>
    <ClInclude Include="Constant_Types.h">
      <Filter>소스 파일\01. Graphics\Pipelines\01. IA</Filter>
    </ClInclude>
    <ClInclude Include="Component_Base.h">
      <Filter>소스 파일\04. Component</Filter>
    </ClInclude>
    <ClInclude Include="GameObject.h">
      <Filter>소스 파일\03. GameObject</Filter>
    </ClInclude>
    <ClInclude Include="SimpleMath.h">
      <Filter>소스 파일\99. Utils</Filter>
    </ClInclude>
    <ClInclude Include="Execute.h">
      <Filter>소스 파일\00. Execute</Filter>
    </ClInclude>
    <ClInclude Include="Script.h">
      <Filter>소스 파일\04. Component\Script</Filter>
    </ClInclude>
    <ClInclude Include="imgui_impl_dx11.h">
      <Filter>소스 파일\99. Utils\ImGUI</Filter>
    </ClInclude>
    <ClInclude Include="imgui_impl_win32.h">
      <Filter>소스 파일\99. Utils\ImGUI</Filter>
    </ClInclude>
    <ClInclude Include="imgui_internal.h">
      <Filter>소스 파일\99. Utils\ImGUI</Filter>
    </ClInclude>
    <ClInclude Include="imconfig.h">
      <Filter>소스 파일\99. Utils\ImGUI</Filter>
    </ClInclude>
    <ClInclude Include="imgui.h">
      <Filter>소스 파일\99. Utils\ImGUI</Filter>
    </ClInclude>
    <ClInclude Include="imstb_rectpack.h">
      <Filter>소스 파일\99. Utils\ImGUI</Filter>
    </ClInclude>
    <ClInclude Include="imstb_textedit.h">
      <Filter>소스 파일\99. Utils\ImGUI</Filter>
    </ClInclude>
    <ClInclude Include="imstb_truetype.h">
      <Filter>소스 파일\99. Utils\ImGUI</Filter>
    </ClInclude>
    <ClInclude Include="RenderManager.h">
      <Filter>소스 파일\05. Managers</Filter>
    </ClInclude>
    <ClInclude Include="ResourceManager.h">
      <Filter>소스 파일\05. Managers</Filter>
    </ClInclude>
    <ClInclude Include="Material.h">
      <Filter>소스 파일\06. Resources</Filter>
    </ClInclude>
    <ClInclude Include="Model.h">
      <Filter>소스 파일\06. Resources\Model</Filter>
    </ClInclude>
    <ClInclude Include="ModelTypes.h">
      <Filter>소스 파일\06. Resources\Model</Filter>
    </ClInclude>
    <ClInclude Include="Collider.h">
      <Filter>소스 파일\04. Component\Collider</Filter>
    </ClInclude>
    <ClInclude Include="SphereCollider.h">
      <Filter>소스 파일\04. Component\Collider</Filter>
    </ClInclude>
    <ClInclude Include="Collision.h">
      <Filter>소스 파일\04. Component\Collider</Filter>
    </ClInclude>
    <ClInclude Include="PlaneCollider.h">
      <Filter>소스 파일\04. Component\Collider</Filter>
    </ClInclude>
    <ClInclude Include="AABBCollider.h">
      <Filter>소스 파일\04. Component\Collider</Filter>
    </ClInclude>
    <ClInclude Include="imgui_stdlib.h">
      <Filter>소스 파일\99. Utils\ImGUI</Filter>
    </ClInclude>
    <ClInclude Include="Light_Base.h">
      <Filter>소스 파일\04. Component\Light</Filter>
    </ClInclude>
    <ClInclude Include="Utils.h">
      <Filter>소스 파일\99. Utils</Filter>
    </ClInclude>
    <ClInclude Include="GlobalLight.h">
      <Filter>소스 파일\04. Component\Light</Filter>
    </ClInclude>
    <ClInclude Include="CollisionManager.h">
      <Filter>소스 파일\04. Component\Collider</Filter>
    </ClInclude>
    <ClInclude Include="Shader.h">
      <Filter>소스 파일\06. Resources\Shader</Filter>
    </ClInclude>
    <ClInclude Include="Shader_Base.h">
      <Filter>소스 파일\06. Resources\Shader</Filter>
    </ClInclude>
  </ItemGroup>
  <ItemGroup>
    <None Include="SimpleMath.inl">
      <Filter>소스 파일\99. Utils</Filter>
    </None>
  </ItemGroup>
</Project>